// !$*UTF8*$!
{
	archiveVersion = 1;
	classes = {
	};
	objectVersion = 55;
	objects = {

/* Begin PBXBuildFile section */
		9C085CDD29E4603400EB239D /* bubble.mp3 in Resources */ = {isa = PBXBuildFile; fileRef = 9C085CDC29E4603400EB239D /* bubble.mp3 */; };
		9C085CDE29E4603400EB239D /* bubble.mp3 in Resources */ = {isa = PBXBuildFile; fileRef = 9C085CDC29E4603400EB239D /* bubble.mp3 */; };
		9C085CE029E4603800EB239D /* click.mp3 in Resources */ = {isa = PBXBuildFile; fileRef = 9C085CDF29E4603800EB239D /* click.mp3 */; };
		9C085CE129E4603800EB239D /* click.mp3 in Resources */ = {isa = PBXBuildFile; fileRef = 9C085CDF29E4603800EB239D /* click.mp3 */; };
		9C085CE629E46D1400EB239D /* BallImage.swift in Sources */ = {isa = PBXBuildFile; fileRef = 9C085CE529E46D1400EB239D /* BallImage.swift */; };
		9C085CE729E46D1400EB239D /* BallImage.swift in Sources */ = {isa = PBXBuildFile; fileRef = 9C085CE529E46D1400EB239D /* BallImage.swift */; };
		9C81715F29E06FFA00115A4A /* SilkScreen.ttf in Resources */ = {isa = PBXBuildFile; fileRef = 9C81715E29E06FFA00115A4A /* SilkScreen.ttf */; };
		9C81716029E06FFA00115A4A /* SilkScreen.ttf in Resources */ = {isa = PBXBuildFile; fileRef = 9C81715E29E06FFA00115A4A /* SilkScreen.ttf */; };
		9C81716629E0881700115A4A /* SettingView.swift in Sources */ = {isa = PBXBuildFile; fileRef = 9C81716529E0881700115A4A /* SettingView.swift */; };
		9C81716729E0881700115A4A /* SettingView.swift in Sources */ = {isa = PBXBuildFile; fileRef = 9C81716529E0881700115A4A /* SettingView.swift */; };
		9C81716929E0888500115A4A /* StartView.swift in Sources */ = {isa = PBXBuildFile; fileRef = 9C81716829E0888500115A4A /* StartView.swift */; };
		9C81716A29E0888500115A4A /* StartView.swift in Sources */ = {isa = PBXBuildFile; fileRef = 9C81716829E0888500115A4A /* StartView.swift */; };
		9C81716C29E088C800115A4A /* PerspectiveView.swift in Sources */ = {isa = PBXBuildFile; fileRef = 9C81716B29E088C800115A4A /* PerspectiveView.swift */; };
		9C81716D29E088C800115A4A /* PerspectiveView.swift in Sources */ = {isa = PBXBuildFile; fileRef = 9C81716B29E088C800115A4A /* PerspectiveView.swift */; };
		9C81716F29E0893300115A4A /* EndView.swift in Sources */ = {isa = PBXBuildFile; fileRef = 9C81716E29E0893300115A4A /* EndView.swift */; };
		9C81717029E0893300115A4A /* EndView.swift in Sources */ = {isa = PBXBuildFile; fileRef = 9C81716E29E0893300115A4A /* EndView.swift */; };
		9C886E9029E5AB41008D6BF0 /* AVPlayer.swift in Sources */ = {isa = PBXBuildFile; fileRef = 9C886E8F29E5AB41008D6BF0 /* AVPlayer.swift */; };
		9C886E9129E5AB41008D6BF0 /* AVPlayer.swift in Sources */ = {isa = PBXBuildFile; fileRef = 9C886E8F29E5AB41008D6BF0 /* AVPlayer.swift */; };
		9C886E9329E5AFC4008D6BF0 /* Hole.swift in Sources */ = {isa = PBXBuildFile; fileRef = 9C886E9229E5AFC4008D6BF0 /* Hole.swift */; };
		9C886E9429E5AFC4008D6BF0 /* Hole.swift in Sources */ = {isa = PBXBuildFile; fileRef = 9C886E9229E5AFC4008D6BF0 /* Hole.swift */; };
		9C886E9629E5B1FE008D6BF0 /* TutorialView.swift in Sources */ = {isa = PBXBuildFile; fileRef = 9C886E9529E5B1FE008D6BF0 /* TutorialView.swift */; };
		9C886E9729E5B1FE008D6BF0 /* TutorialView.swift in Sources */ = {isa = PBXBuildFile; fileRef = 9C886E9529E5B1FE008D6BF0 /* TutorialView.swift */; };
		9C886E9929E5FAB1008D6BF0 /* MotionView.swift in Sources */ = {isa = PBXBuildFile; fileRef = 9C886E9829E5FAB1008D6BF0 /* MotionView.swift */; };
		9C886E9A29E5FAB1008D6BF0 /* MotionView.swift in Sources */ = {isa = PBXBuildFile; fileRef = 9C886E9829E5FAB1008D6BF0 /* MotionView.swift */; };
		9C89158429DE9CA30061DC11 /* MancalaApp.swift in Sources */ = {isa = PBXBuildFile; fileRef = 9C89155C29DE9CA00061DC11 /* MancalaApp.swift */; };
		9C89158529DE9CA30061DC11 /* MancalaApp.swift in Sources */ = {isa = PBXBuildFile; fileRef = 9C89155C29DE9CA00061DC11 /* MancalaApp.swift */; };
		9C89158629DE9CA30061DC11 /* ContentView.swift in Sources */ = {isa = PBXBuildFile; fileRef = 9C89155D29DE9CA00061DC11 /* ContentView.swift */; };
		9C89158729DE9CA30061DC11 /* ContentView.swift in Sources */ = {isa = PBXBuildFile; fileRef = 9C89155D29DE9CA00061DC11 /* ContentView.swift */; };
		9C89158829DE9CA30061DC11 /* Assets.xcassets in Resources */ = {isa = PBXBuildFile; fileRef = 9C89155E29DE9CA20061DC11 /* Assets.xcassets */; };
		9C89158929DE9CA30061DC11 /* Assets.xcassets in Resources */ = {isa = PBXBuildFile; fileRef = 9C89155E29DE9CA20061DC11 /* Assets.xcassets */; };
		9C93158A2A0038B900E22904 /* ModifyView.swift in Sources */ = {isa = PBXBuildFile; fileRef = 9C9315892A0038B900E22904 /* ModifyView.swift */; };
		9C93158B2A0038B900E22904 /* ModifyView.swift in Sources */ = {isa = PBXBuildFile; fileRef = 9C9315892A0038B900E22904 /* ModifyView.swift */; };
		9CC6B7FA29E5A6AD006C3CD4 /* Ball.swift in Sources */ = {isa = PBXBuildFile; fileRef = 9CC6B7F929E5A6AD006C3CD4 /* Ball.swift */; };
		9CC6B7FB29E5A6AD006C3CD4 /* Ball.swift in Sources */ = {isa = PBXBuildFile; fileRef = 9CC6B7F929E5A6AD006C3CD4 /* Ball.swift */; };
/* End PBXBuildFile section */

/* Begin PBXContainerItemProxy section */
		9C89157129DE9CA20061DC11 /* PBXContainerItemProxy */ = {
			isa = PBXContainerItemProxy;
			containerPortal = 9C89155729DE9CA00061DC11 /* Project object */;
			proxyType = 1;
			remoteGlobalIDString = 9C89156229DE9CA20061DC11;
			remoteInfo = "Mancala (iOS)";
		};
		9C89157D29DE9CA30061DC11 /* PBXContainerItemProxy */ = {
			isa = PBXContainerItemProxy;
			containerPortal = 9C89155729DE9CA00061DC11 /* Project object */;
			proxyType = 1;
			remoteGlobalIDString = 9C89156829DE9CA20061DC11;
			remoteInfo = "Mancala (macOS)";
		};
/* End PBXContainerItemProxy section */

/* Begin PBXFileReference section */
		9C085CDC29E4603400EB239D /* bubble.mp3 */ = {isa = PBXFileReference; lastKnownFileType = audio.mp3; path = bubble.mp3; sourceTree = "<group>"; };
		9C085CDF29E4603800EB239D /* click.mp3 */ = {isa = PBXFileReference; lastKnownFileType = audio.mp3; path = click.mp3; sourceTree = "<group>"; };
		9C085CE529E46D1400EB239D /* BallImage.swift */ = {isa = PBXFileReference; lastKnownFileType = sourcecode.swift; path = BallImage.swift; sourceTree = "<group>"; };
		9C81715E29E06FFA00115A4A /* SilkScreen.ttf */ = {isa = PBXFileReference; lastKnownFileType = file; path = SilkScreen.ttf; sourceTree = "<group>"; };
		9C81716129E0709700115A4A /* Mancala--iOS--Info.plist */ = {isa = PBXFileReference; lastKnownFileType = text.plist; path = "Mancala--iOS--Info.plist"; sourceTree = "<group>"; };
		9C81716529E0881700115A4A /* SettingView.swift */ = {isa = PBXFileReference; lastKnownFileType = sourcecode.swift; path = SettingView.swift; sourceTree = "<group>"; };
		9C81716829E0888500115A4A /* StartView.swift */ = {isa = PBXFileReference; lastKnownFileType = sourcecode.swift; path = StartView.swift; sourceTree = "<group>"; };
		9C81716B29E088C800115A4A /* PerspectiveView.swift */ = {isa = PBXFileReference; lastKnownFileType = sourcecode.swift; path = PerspectiveView.swift; sourceTree = "<group>"; };
		9C81716E29E0893300115A4A /* EndView.swift */ = {isa = PBXFileReference; lastKnownFileType = sourcecode.swift; path = EndView.swift; sourceTree = "<group>"; };
		9C886E8F29E5AB41008D6BF0 /* AVPlayer.swift */ = {isa = PBXFileReference; lastKnownFileType = sourcecode.swift; path = AVPlayer.swift; sourceTree = "<group>"; };
		9C886E9229E5AFC4008D6BF0 /* Hole.swift */ = {isa = PBXFileReference; lastKnownFileType = sourcecode.swift; path = Hole.swift; sourceTree = "<group>"; };
		9C886E9529E5B1FE008D6BF0 /* TutorialView.swift */ = {isa = PBXFileReference; lastKnownFileType = sourcecode.swift; path = TutorialView.swift; sourceTree = "<group>"; };
		9C886E9829E5FAB1008D6BF0 /* MotionView.swift */ = {isa = PBXFileReference; lastKnownFileType = sourcecode.swift; path = MotionView.swift; sourceTree = "<group>"; };
		9C89155C29DE9CA00061DC11 /* MancalaApp.swift */ = {isa = PBXFileReference; lastKnownFileType = sourcecode.swift; path = MancalaApp.swift; sourceTree = "<group>"; };
		9C89155D29DE9CA00061DC11 /* ContentView.swift */ = {isa = PBXFileReference; lastKnownFileType = sourcecode.swift; path = ContentView.swift; sourceTree = "<group>"; };
		9C89155E29DE9CA20061DC11 /* Assets.xcassets */ = {isa = PBXFileReference; lastKnownFileType = folder.assetcatalog; path = Assets.xcassets; sourceTree = "<group>"; };
		9C89156329DE9CA20061DC11 /* Mancala.app */ = {isa = PBXFileReference; explicitFileType = wrapper.application; includeInIndex = 0; path = Mancala.app; sourceTree = BUILT_PRODUCTS_DIR; };
		9C89156929DE9CA20061DC11 /* Mancala.app */ = {isa = PBXFileReference; explicitFileType = wrapper.application; includeInIndex = 0; path = Mancala.app; sourceTree = BUILT_PRODUCTS_DIR; };
		9C89156B29DE9CA20061DC11 /* macOS.entitlements */ = {isa = PBXFileReference; lastKnownFileType = text.plist.entitlements; path = macOS.entitlements; sourceTree = "<group>"; };
		9C89157029DE9CA20061DC11 /* Tests iOS.xctest */ = {isa = PBXFileReference; explicitFileType = wrapper.cfbundle; includeInIndex = 0; path = "Tests iOS.xctest"; sourceTree = BUILT_PRODUCTS_DIR; };
		9C89157C29DE9CA30061DC11 /* Tests macOS.xctest */ = {isa = PBXFileReference; explicitFileType = wrapper.cfbundle; includeInIndex = 0; path = "Tests macOS.xctest"; sourceTree = BUILT_PRODUCTS_DIR; };
		9C9315892A0038B900E22904 /* ModifyView.swift */ = {isa = PBXFileReference; lastKnownFileType = sourcecode.swift; path = ModifyView.swift; sourceTree = "<group>"; };
		9CC6B7F929E5A6AD006C3CD4 /* Ball.swift */ = {isa = PBXFileReference; lastKnownFileType = sourcecode.swift; path = Ball.swift; sourceTree = "<group>"; };
/* End PBXFileReference section */

/* Begin PBXFrameworksBuildPhase section */
		9C89156029DE9CA20061DC11 /* Frameworks */ = {
			isa = PBXFrameworksBuildPhase;
			buildActionMask = 2147483647;
			files = (
			);
			runOnlyForDeploymentPostprocessing = 0;
		};
		9C89156629DE9CA20061DC11 /* Frameworks */ = {
			isa = PBXFrameworksBuildPhase;
			buildActionMask = 2147483647;
			files = (
			);
			runOnlyForDeploymentPostprocessing = 0;
		};
		9C89156D29DE9CA20061DC11 /* Frameworks */ = {
			isa = PBXFrameworksBuildPhase;
			buildActionMask = 2147483647;
			files = (
			);
			runOnlyForDeploymentPostprocessing = 0;
		};
		9C89157929DE9CA30061DC11 /* Frameworks */ = {
			isa = PBXFrameworksBuildPhase;
			buildActionMask = 2147483647;
			files = (
			);
			runOnlyForDeploymentPostprocessing = 0;
		};
/* End PBXFrameworksBuildPhase section */

/* Begin PBXGroup section */
		9C085CDB29E4601200EB239D /* Sound */ = {
			isa = PBXGroup;
			children = (
				9C085CDC29E4603400EB239D /* bubble.mp3 */,
				9C085CDF29E4603800EB239D /* click.mp3 */,
			);
			path = Sound;
			sourceTree = "<group>";
		};
		9C89155629DE9CA00061DC11 = {
			isa = PBXGroup;
			children = (
				9C085CDB29E4601200EB239D /* Sound */,
				9C81716129E0709700115A4A /* Mancala--iOS--Info.plist */,
				9C89155B29DE9CA00061DC11 /* Shared */,
				9C89156A29DE9CA20061DC11 /* macOS */,
				9C89156429DE9CA20061DC11 /* Products */,
			);
			sourceTree = "<group>";
		};
		9C89155B29DE9CA00061DC11 /* Shared */ = {
			isa = PBXGroup;
			children = (
				9C89155E29DE9CA20061DC11 /* Assets.xcassets */,
				9C89155D29DE9CA00061DC11 /* ContentView.swift */,
				9C81716529E0881700115A4A /* SettingView.swift */,
				9C81716829E0888500115A4A /* StartView.swift */,
				9C81716E29E0893300115A4A /* EndView.swift */,
				9C886E9529E5B1FE008D6BF0 /* TutorialView.swift */,
				9C886E9229E5AFC4008D6BF0 /* Hole.swift */,
				9C085CE529E46D1400EB239D /* BallImage.swift */,
				9CC6B7F929E5A6AD006C3CD4 /* Ball.swift */,
				9C886E8F29E5AB41008D6BF0 /* AVPlayer.swift */,
				9C81716B29E088C800115A4A /* PerspectiveView.swift */,
				9C89155C29DE9CA00061DC11 /* MancalaApp.swift */,
				9C81715E29E06FFA00115A4A /* SilkScreen.ttf */,
				9C886E9829E5FAB1008D6BF0 /* MotionView.swift */,
				9C9315892A0038B900E22904 /* ModifyView.swift */,
			);
			path = Shared;
			sourceTree = "<group>";
		};
		9C89156429DE9CA20061DC11 /* Products */ = {
			isa = PBXGroup;
			children = (
				9C89156329DE9CA20061DC11 /* Mancala.app */,
				9C89156929DE9CA20061DC11 /* Mancala.app */,
				9C89157029DE9CA20061DC11 /* Tests iOS.xctest */,
				9C89157C29DE9CA30061DC11 /* Tests macOS.xctest */,
			);
			name = Products;
			sourceTree = "<group>";
		};
		9C89156A29DE9CA20061DC11 /* macOS */ = {
			isa = PBXGroup;
			children = (
				9C89156B29DE9CA20061DC11 /* macOS.entitlements */,
			);
			path = macOS;
			sourceTree = "<group>";
		};
/* End PBXGroup section */

/* Begin PBXNativeTarget section */
		9C89156229DE9CA20061DC11 /* Mancala (iOS) */ = {
			isa = PBXNativeTarget;
			buildConfigurationList = 9C89158C29DE9CA30061DC11 /* Build configuration list for PBXNativeTarget "Mancala (iOS)" */;
			buildPhases = (
				9C89155F29DE9CA20061DC11 /* Sources */,
				9C89156029DE9CA20061DC11 /* Frameworks */,
				9C89156129DE9CA20061DC11 /* Resources */,
			);
			buildRules = (
			);
			dependencies = (
			);
			name = "Mancala (iOS)";
			productName = "Mancala (iOS)";
			productReference = 9C89156329DE9CA20061DC11 /* Mancala.app */;
			productType = "com.apple.product-type.application";
		};
		9C89156829DE9CA20061DC11 /* Mancala (macOS) */ = {
			isa = PBXNativeTarget;
			buildConfigurationList = 9C89158F29DE9CA30061DC11 /* Build configuration list for PBXNativeTarget "Mancala (macOS)" */;
			buildPhases = (
				9C89156529DE9CA20061DC11 /* Sources */,
				9C89156629DE9CA20061DC11 /* Frameworks */,
				9C89156729DE9CA20061DC11 /* Resources */,
			);
			buildRules = (
			);
			dependencies = (
			);
			name = "Mancala (macOS)";
			productName = "Mancala (macOS)";
			productReference = 9C89156929DE9CA20061DC11 /* Mancala.app */;
			productType = "com.apple.product-type.application";
		};
		9C89156F29DE9CA20061DC11 /* Tests iOS */ = {
			isa = PBXNativeTarget;
			buildConfigurationList = 9C89159229DE9CA30061DC11 /* Build configuration list for PBXNativeTarget "Tests iOS" */;
			buildPhases = (
				9C89156C29DE9CA20061DC11 /* Sources */,
				9C89156D29DE9CA20061DC11 /* Frameworks */,
				9C89156E29DE9CA20061DC11 /* Resources */,
			);
			buildRules = (
			);
			dependencies = (
				9C89157229DE9CA20061DC11 /* PBXTargetDependency */,
			);
			name = "Tests iOS";
			productName = "Tests iOS";
			productReference = 9C89157029DE9CA20061DC11 /* Tests iOS.xctest */;
			productType = "com.apple.product-type.bundle.ui-testing";
		};
		9C89157B29DE9CA30061DC11 /* Tests macOS */ = {
			isa = PBXNativeTarget;
			buildConfigurationList = 9C89159529DE9CA30061DC11 /* Build configuration list for PBXNativeTarget "Tests macOS" */;
			buildPhases = (
				9C89157829DE9CA30061DC11 /* Sources */,
				9C89157929DE9CA30061DC11 /* Frameworks */,
				9C89157A29DE9CA30061DC11 /* Resources */,
			);
			buildRules = (
			);
			dependencies = (
				9C89157E29DE9CA30061DC11 /* PBXTargetDependency */,
			);
			name = "Tests macOS";
			productName = "Tests macOS";
			productReference = 9C89157C29DE9CA30061DC11 /* Tests macOS.xctest */;
			productType = "com.apple.product-type.bundle.ui-testing";
		};
/* End PBXNativeTarget section */

/* Begin PBXProject section */
		9C89155729DE9CA00061DC11 /* Project object */ = {
			isa = PBXProject;
			attributes = {
				BuildIndependentTargetsInParallel = 1;
				LastSwiftUpdateCheck = 1300;
				LastUpgradeCheck = 1300;
				TargetAttributes = {
					9C89156229DE9CA20061DC11 = {
						CreatedOnToolsVersion = 13.0;
					};
					9C89156829DE9CA20061DC11 = {
						CreatedOnToolsVersion = 13.0;
					};
					9C89156F29DE9CA20061DC11 = {
						CreatedOnToolsVersion = 13.0;
						TestTargetID = 9C89156229DE9CA20061DC11;
					};
					9C89157B29DE9CA30061DC11 = {
						CreatedOnToolsVersion = 13.0;
						TestTargetID = 9C89156829DE9CA20061DC11;
					};
				};
			};
			buildConfigurationList = 9C89155A29DE9CA00061DC11 /* Build configuration list for PBXProject "Mancala" */;
			compatibilityVersion = "Xcode 13.0";
			developmentRegion = en;
			hasScannedForEncodings = 0;
			knownRegions = (
				en,
				Base,
			);
			mainGroup = 9C89155629DE9CA00061DC11;
			productRefGroup = 9C89156429DE9CA20061DC11 /* Products */;
			projectDirPath = "";
			projectRoot = "";
			targets = (
				9C89156229DE9CA20061DC11 /* Mancala (iOS) */,
				9C89156829DE9CA20061DC11 /* Mancala (macOS) */,
				9C89156F29DE9CA20061DC11 /* Tests iOS */,
				9C89157B29DE9CA30061DC11 /* Tests macOS */,
			);
		};
/* End PBXProject section */

/* Begin PBXResourcesBuildPhase section */
		9C89156129DE9CA20061DC11 /* Resources */ = {
			isa = PBXResourcesBuildPhase;
			buildActionMask = 2147483647;
			files = (
				9C89158829DE9CA30061DC11 /* Assets.xcassets in Resources */,
				9C085CE029E4603800EB239D /* click.mp3 in Resources */,
				9C81715F29E06FFA00115A4A /* SilkScreen.ttf in Resources */,
				9C085CDD29E4603400EB239D /* bubble.mp3 in Resources */,
			);
			runOnlyForDeploymentPostprocessing = 0;
		};
		9C89156729DE9CA20061DC11 /* Resources */ = {
			isa = PBXResourcesBuildPhase;
			buildActionMask = 2147483647;
			files = (
				9C89158929DE9CA30061DC11 /* Assets.xcassets in Resources */,
				9C085CE129E4603800EB239D /* click.mp3 in Resources */,
				9C81716029E06FFA00115A4A /* SilkScreen.ttf in Resources */,
				9C085CDE29E4603400EB239D /* bubble.mp3 in Resources */,
			);
			runOnlyForDeploymentPostprocessing = 0;
		};
		9C89156E29DE9CA20061DC11 /* Resources */ = {
			isa = PBXResourcesBuildPhase;
			buildActionMask = 2147483647;
			files = (
			);
			runOnlyForDeploymentPostprocessing = 0;
		};
		9C89157A29DE9CA30061DC11 /* Resources */ = {
			isa = PBXResourcesBuildPhase;
			buildActionMask = 2147483647;
			files = (
			);
			runOnlyForDeploymentPostprocessing = 0;
		};
/* End PBXResourcesBuildPhase section */

/* Begin PBXSourcesBuildPhase section */
		9C89155F29DE9CA20061DC11 /* Sources */ = {
			isa = PBXSourcesBuildPhase;
			buildActionMask = 2147483647;
			files = (
				9C085CE629E46D1400EB239D /* BallImage.swift in Sources */,
				9C81716F29E0893300115A4A /* EndView.swift in Sources */,
				9C93158A2A0038B900E22904 /* ModifyView.swift in Sources */,
				9C81716629E0881700115A4A /* SettingView.swift in Sources */,
				9C89158629DE9CA30061DC11 /* ContentView.swift in Sources */,
				9C81716C29E088C800115A4A /* PerspectiveView.swift in Sources */,
				9C89158429DE9CA30061DC11 /* MancalaApp.swift in Sources */,
				9CC6B7FA29E5A6AD006C3CD4 /* Ball.swift in Sources */,
				9C81716929E0888500115A4A /* StartView.swift in Sources */,
				9C886E9629E5B1FE008D6BF0 /* TutorialView.swift in Sources */,
				9C886E9029E5AB41008D6BF0 /* AVPlayer.swift in Sources */,
				9C886E9329E5AFC4008D6BF0 /* Hole.swift in Sources */,
				9C886E9929E5FAB1008D6BF0 /* MotionView.swift in Sources */,
			);
			runOnlyForDeploymentPostprocessing = 0;
		};
		9C89156529DE9CA20061DC11 /* Sources */ = {
			isa = PBXSourcesBuildPhase;
			buildActionMask = 2147483647;
			files = (
				9C085CE729E46D1400EB239D /* BallImage.swift in Sources */,
				9C81717029E0893300115A4A /* EndView.swift in Sources */,
				9C93158B2A0038B900E22904 /* ModifyView.swift in Sources */,
				9C81716729E0881700115A4A /* SettingView.swift in Sources */,
				9C89158729DE9CA30061DC11 /* ContentView.swift in Sources */,
				9C81716D29E088C800115A4A /* PerspectiveView.swift in Sources */,
				9C89158529DE9CA30061DC11 /* MancalaApp.swift in Sources */,
				9CC6B7FB29E5A6AD006C3CD4 /* Ball.swift in Sources */,
				9C81716A29E0888500115A4A /* StartView.swift in Sources */,
				9C886E9729E5B1FE008D6BF0 /* TutorialView.swift in Sources */,
				9C886E9129E5AB41008D6BF0 /* AVPlayer.swift in Sources */,
				9C886E9429E5AFC4008D6BF0 /* Hole.swift in Sources */,
				9C886E9A29E5FAB1008D6BF0 /* MotionView.swift in Sources */,
			);
			runOnlyForDeploymentPostprocessing = 0;
		};
		9C89156C29DE9CA20061DC11 /* Sources */ = {
			isa = PBXSourcesBuildPhase;
			buildActionMask = 2147483647;
			files = (
			);
			runOnlyForDeploymentPostprocessing = 0;
		};
		9C89157829DE9CA30061DC11 /* Sources */ = {
			isa = PBXSourcesBuildPhase;
			buildActionMask = 2147483647;
			files = (
			);
			runOnlyForDeploymentPostprocessing = 0;
		};
/* End PBXSourcesBuildPhase section */

/* Begin PBXTargetDependency section */
		9C89157229DE9CA20061DC11 /* PBXTargetDependency */ = {
			isa = PBXTargetDependency;
			target = 9C89156229DE9CA20061DC11 /* Mancala (iOS) */;
			targetProxy = 9C89157129DE9CA20061DC11 /* PBXContainerItemProxy */;
		};
		9C89157E29DE9CA30061DC11 /* PBXTargetDependency */ = {
			isa = PBXTargetDependency;
			target = 9C89156829DE9CA20061DC11 /* Mancala (macOS) */;
			targetProxy = 9C89157D29DE9CA30061DC11 /* PBXContainerItemProxy */;
		};
/* End PBXTargetDependency section */

/* Begin XCBuildConfiguration section */
		9C89158A29DE9CA30061DC11 /* Debug */ = {
			isa = XCBuildConfiguration;
			buildSettings = {
				ALWAYS_SEARCH_USER_PATHS = NO;
				CLANG_ANALYZER_NONNULL = YES;
				CLANG_ANALYZER_NUMBER_OBJECT_CONVERSION = YES_AGGRESSIVE;
				CLANG_CXX_LANGUAGE_STANDARD = "gnu++17";
				CLANG_CXX_LIBRARY = "libc++";
				CLANG_ENABLE_MODULES = YES;
				CLANG_ENABLE_OBJC_ARC = YES;
				CLANG_ENABLE_OBJC_WEAK = YES;
				CLANG_WARN_BLOCK_CAPTURE_AUTORELEASING = YES;
				CLANG_WARN_BOOL_CONVERSION = YES;
				CLANG_WARN_COMMA = YES;
				CLANG_WARN_CONSTANT_CONVERSION = YES;
				CLANG_WARN_DEPRECATED_OBJC_IMPLEMENTATIONS = YES;
				CLANG_WARN_DIRECT_OBJC_ISA_USAGE = YES_ERROR;
				CLANG_WARN_DOCUMENTATION_COMMENTS = YES;
				CLANG_WARN_EMPTY_BODY = YES;
				CLANG_WARN_ENUM_CONVERSION = YES;
				CLANG_WARN_INFINITE_RECURSION = YES;
				CLANG_WARN_INT_CONVERSION = YES;
				CLANG_WARN_NON_LITERAL_NULL_CONVERSION = YES;
				CLANG_WARN_OBJC_IMPLICIT_RETAIN_SELF = YES;
				CLANG_WARN_OBJC_LITERAL_CONVERSION = YES;
				CLANG_WARN_OBJC_ROOT_CLASS = YES_ERROR;
				CLANG_WARN_QUOTED_INCLUDE_IN_FRAMEWORK_HEADER = YES;
				CLANG_WARN_RANGE_LOOP_ANALYSIS = YES;
				CLANG_WARN_STRICT_PROTOTYPES = YES;
				CLANG_WARN_SUSPICIOUS_MOVE = YES;
				CLANG_WARN_UNGUARDED_AVAILABILITY = YES_AGGRESSIVE;
				CLANG_WARN_UNREACHABLE_CODE = YES;
				CLANG_WARN__DUPLICATE_METHOD_MATCH = YES;
				COPY_PHASE_STRIP = NO;
				DEBUG_INFORMATION_FORMAT = dwarf;
				ENABLE_STRICT_OBJC_MSGSEND = YES;
				ENABLE_TESTABILITY = YES;
				GCC_C_LANGUAGE_STANDARD = gnu11;
				GCC_DYNAMIC_NO_PIC = NO;
				GCC_NO_COMMON_BLOCKS = YES;
				GCC_OPTIMIZATION_LEVEL = 0;
				GCC_PREPROCESSOR_DEFINITIONS = (
					"DEBUG=1",
					"$(inherited)",
				);
				GCC_WARN_64_TO_32_BIT_CONVERSION = YES;
				GCC_WARN_ABOUT_RETURN_TYPE = YES_ERROR;
				GCC_WARN_UNDECLARED_SELECTOR = YES;
				GCC_WARN_UNINITIALIZED_AUTOS = YES_AGGRESSIVE;
				GCC_WARN_UNUSED_FUNCTION = YES;
				GCC_WARN_UNUSED_VARIABLE = YES;
				MTL_ENABLE_DEBUG_INFO = INCLUDE_SOURCE;
				MTL_FAST_MATH = YES;
				ONLY_ACTIVE_ARCH = YES;
				SWIFT_ACTIVE_COMPILATION_CONDITIONS = DEBUG;
				SWIFT_OPTIMIZATION_LEVEL = "-Onone";
			};
			name = Debug;
		};
		9C89158B29DE9CA30061DC11 /* Release */ = {
			isa = XCBuildConfiguration;
			buildSettings = {
				ALWAYS_SEARCH_USER_PATHS = NO;
				CLANG_ANALYZER_NONNULL = YES;
				CLANG_ANALYZER_NUMBER_OBJECT_CONVERSION = YES_AGGRESSIVE;
				CLANG_CXX_LANGUAGE_STANDARD = "gnu++17";
				CLANG_CXX_LIBRARY = "libc++";
				CLANG_ENABLE_MODULES = YES;
				CLANG_ENABLE_OBJC_ARC = YES;
				CLANG_ENABLE_OBJC_WEAK = YES;
				CLANG_WARN_BLOCK_CAPTURE_AUTORELEASING = YES;
				CLANG_WARN_BOOL_CONVERSION = YES;
				CLANG_WARN_COMMA = YES;
				CLANG_WARN_CONSTANT_CONVERSION = YES;
				CLANG_WARN_DEPRECATED_OBJC_IMPLEMENTATIONS = YES;
				CLANG_WARN_DIRECT_OBJC_ISA_USAGE = YES_ERROR;
				CLANG_WARN_DOCUMENTATION_COMMENTS = YES;
				CLANG_WARN_EMPTY_BODY = YES;
				CLANG_WARN_ENUM_CONVERSION = YES;
				CLANG_WARN_INFINITE_RECURSION = YES;
				CLANG_WARN_INT_CONVERSION = YES;
				CLANG_WARN_NON_LITERAL_NULL_CONVERSION = YES;
				CLANG_WARN_OBJC_IMPLICIT_RETAIN_SELF = YES;
				CLANG_WARN_OBJC_LITERAL_CONVERSION = YES;
				CLANG_WARN_OBJC_ROOT_CLASS = YES_ERROR;
				CLANG_WARN_QUOTED_INCLUDE_IN_FRAMEWORK_HEADER = YES;
				CLANG_WARN_RANGE_LOOP_ANALYSIS = YES;
				CLANG_WARN_STRICT_PROTOTYPES = YES;
				CLANG_WARN_SUSPICIOUS_MOVE = YES;
				CLANG_WARN_UNGUARDED_AVAILABILITY = YES_AGGRESSIVE;
				CLANG_WARN_UNREACHABLE_CODE = YES;
				CLANG_WARN__DUPLICATE_METHOD_MATCH = YES;
				COPY_PHASE_STRIP = NO;
				DEBUG_INFORMATION_FORMAT = "dwarf-with-dsym";
				ENABLE_NS_ASSERTIONS = NO;
				ENABLE_STRICT_OBJC_MSGSEND = YES;
				GCC_C_LANGUAGE_STANDARD = gnu11;
				GCC_NO_COMMON_BLOCKS = YES;
				GCC_WARN_64_TO_32_BIT_CONVERSION = YES;
				GCC_WARN_ABOUT_RETURN_TYPE = YES_ERROR;
				GCC_WARN_UNDECLARED_SELECTOR = YES;
				GCC_WARN_UNINITIALIZED_AUTOS = YES_AGGRESSIVE;
				GCC_WARN_UNUSED_FUNCTION = YES;
				GCC_WARN_UNUSED_VARIABLE = YES;
				MTL_ENABLE_DEBUG_INFO = NO;
				MTL_FAST_MATH = YES;
				SWIFT_COMPILATION_MODE = wholemodule;
				SWIFT_OPTIMIZATION_LEVEL = "-O";
			};
			name = Release;
		};
		9C89158D29DE9CA30061DC11 /* Debug */ = {
			isa = XCBuildConfiguration;
			buildSettings = {
				ASSETCATALOG_COMPILER_APPICON_NAME = AppIcon;
				ASSETCATALOG_COMPILER_GLOBAL_ACCENT_COLOR_NAME = AccentColor;
				ASSETCATALOG_COMPILER_INCLUDE_ALL_APPICON_ASSETS = YES;
				CODE_SIGN_STYLE = Automatic;
				CURRENT_PROJECT_VERSION = 1;
				DEVELOPMENT_TEAM = 66LAS5YM4V;
				ENABLE_PREVIEWS = YES;
				GENERATE_INFOPLIST_FILE = YES;
				INFOPLIST_FILE = "Mancala--iOS--Info.plist";
				INFOPLIST_KEY_UIApplicationSceneManifest_Generation = YES;
				INFOPLIST_KEY_UIApplicationSupportsIndirectInputEvents = YES;
				INFOPLIST_KEY_UILaunchScreen_Generation = YES;
				INFOPLIST_KEY_UISupportedInterfaceOrientations_iPad = "UIInterfaceOrientationPortrait UIInterfaceOrientationPortraitUpsideDown UIInterfaceOrientationLandscapeLeft UIInterfaceOrientationLandscapeRight";
				INFOPLIST_KEY_UISupportedInterfaceOrientations_iPhone = "UIInterfaceOrientationPortrait UIInterfaceOrientationLandscapeLeft UIInterfaceOrientationLandscapeRight";
				IPHONEOS_DEPLOYMENT_TARGET = 14.0;
				LD_RUNPATH_SEARCH_PATHS = (
					"$(inherited)",
					"@executable_path/Frameworks",
				);
				MARKETING_VERSION = 1.0;
				PRODUCT_BUNDLE_IDENTIFIER = com.leo.Mancala;
				PRODUCT_NAME = Mancala;
				SDKROOT = iphoneos;
				SWIFT_EMIT_LOC_STRINGS = YES;
				SWIFT_VERSION = 5.0;
				TARGETED_DEVICE_FAMILY = "1,2";
			};
			name = Debug;
		};
		9C89158E29DE9CA30061DC11 /* Release */ = {
			isa = XCBuildConfiguration;
			buildSettings = {
				ASSETCATALOG_COMPILER_APPICON_NAME = AppIcon;
				ASSETCATALOG_COMPILER_GLOBAL_ACCENT_COLOR_NAME = AccentColor;
				ASSETCATALOG_COMPILER_INCLUDE_ALL_APPICON_ASSETS = YES;
				CODE_SIGN_STYLE = Automatic;
				CURRENT_PROJECT_VERSION = 1;
				DEVELOPMENT_TEAM = 66LAS5YM4V;
				ENABLE_PREVIEWS = YES;
				GENERATE_INFOPLIST_FILE = YES;
				INFOPLIST_FILE = "Mancala--iOS--Info.plist";
				INFOPLIST_KEY_UIApplicationSceneManifest_Generation = YES;
				INFOPLIST_KEY_UIApplicationSupportsIndirectInputEvents = YES;
				INFOPLIST_KEY_UILaunchScreen_Generation = YES;
				INFOPLIST_KEY_UISupportedInterfaceOrientations_iPad = "UIInterfaceOrientationPortrait UIInterfaceOrientationPortraitUpsideDown UIInterfaceOrientationLandscapeLeft UIInterfaceOrientationLandscapeRight";
				INFOPLIST_KEY_UISupportedInterfaceOrientations_iPhone = "UIInterfaceOrientationPortrait UIInterfaceOrientationLandscapeLeft UIInterfaceOrientationLandscapeRight";
				IPHONEOS_DEPLOYMENT_TARGET = 14.0;
				LD_RUNPATH_SEARCH_PATHS = (
					"$(inherited)",
					"@executable_path/Frameworks",
				);
				MARKETING_VERSION = 1.0;
				PRODUCT_BUNDLE_IDENTIFIER = com.leo.Mancala;
				PRODUCT_NAME = Mancala;
				SDKROOT = iphoneos;
				SWIFT_EMIT_LOC_STRINGS = YES;
				SWIFT_VERSION = 5.0;
				TARGETED_DEVICE_FAMILY = "1,2";
				VALIDATE_PRODUCT = YES;
			};
			name = Release;
		};
		9C89159029DE9CA30061DC11 /* Debug */ = {
			isa = XCBuildConfiguration;
			buildSettings = {
				ASSETCATALOG_COMPILER_APPICON_NAME = AppIcon;
				ASSETCATALOG_COMPILER_GLOBAL_ACCENT_COLOR_NAME = AccentColor;
				CODE_SIGN_ENTITLEMENTS = macOS/macOS.entitlements;
				CODE_SIGN_STYLE = Automatic;
				COMBINE_HIDPI_IMAGES = YES;
				CURRENT_PROJECT_VERSION = 1;
				ENABLE_PREVIEWS = YES;
				GENERATE_INFOPLIST_FILE = YES;
				INFOPLIST_KEY_NSHumanReadableCopyright = "";
				LD_RUNPATH_SEARCH_PATHS = (
					"$(inherited)",
					"@executable_path/../Frameworks",
				);
				MACOSX_DEPLOYMENT_TARGET = 11.0;
				MARKETING_VERSION = 1.0;
				PRODUCT_BUNDLE_IDENTIFIER = com.leo.Mancala;
				PRODUCT_NAME = Mancala;
				SDKROOT = macosx;
				SWIFT_EMIT_LOC_STRINGS = YES;
				SWIFT_VERSION = 5.0;
			};
			name = Debug;
		};
		9C89159129DE9CA30061DC11 /* Release */ = {
			isa = XCBuildConfiguration;
			buildSettings = {
				ASSETCATALOG_COMPILER_APPICON_NAME = AppIcon;
				ASSETCATALOG_COMPILER_GLOBAL_ACCENT_COLOR_NAME = AccentColor;
				CODE_SIGN_ENTITLEMENTS = macOS/macOS.entitlements;
				CODE_SIGN_STYLE = Automatic;
				COMBINE_HIDPI_IMAGES = YES;
				CURRENT_PROJECT_VERSION = 1;
				ENABLE_PREVIEWS = YES;
				GENERATE_INFOPLIST_FILE = YES;
				INFOPLIST_KEY_NSHumanReadableCopyright = "";
				LD_RUNPATH_SEARCH_PATHS = (
					"$(inherited)",
					"@executable_path/../Frameworks",
				);
				MACOSX_DEPLOYMENT_TARGET = 11.0;
				MARKETING_VERSION = 1.0;
				PRODUCT_BUNDLE_IDENTIFIER = com.leo.Mancala;
				PRODUCT_NAME = Mancala;
				SDKROOT = macosx;
				SWIFT_EMIT_LOC_STRINGS = YES;
				SWIFT_VERSION = 5.0;
			};
			name = Release;
		};
		9C89159329DE9CA30061DC11 /* Debug */ = {
			isa = XCBuildConfiguration;
			buildSettings = {
				ALWAYS_EMBED_SWIFT_STANDARD_LIBRARIES = YES;
				CODE_SIGN_STYLE = Automatic;
				CURRENT_PROJECT_VERSION = 1;
				GENERATE_INFOPLIST_FILE = YES;
				IPHONEOS_DEPLOYMENT_TARGET = 15.0;
				LD_RUNPATH_SEARCH_PATHS = (
					"$(inherited)",
					"@executable_path/Frameworks",
					"@loader_path/Frameworks",
				);
				MARKETING_VERSION = 1.0;
				PRODUCT_BUNDLE_IDENTIFIER = "com.leo.Tests-iOS";
				PRODUCT_NAME = "$(TARGET_NAME)";
				SDKROOT = iphoneos;
				SWIFT_EMIT_LOC_STRINGS = NO;
				SWIFT_VERSION = 5.0;
				TARGETED_DEVICE_FAMILY = "1,2";
				TEST_TARGET_NAME = "Mancala (iOS)";
			};
			name = Debug;
		};
		9C89159429DE9CA30061DC11 /* Release */ = {
			isa = XCBuildConfiguration;
			buildSettings = {
				ALWAYS_EMBED_SWIFT_STANDARD_LIBRARIES = YES;
				CODE_SIGN_STYLE = Automatic;
				CURRENT_PROJECT_VERSION = 1;
				GENERATE_INFOPLIST_FILE = YES;
				IPHONEOS_DEPLOYMENT_TARGET = 15.0;
				LD_RUNPATH_SEARCH_PATHS = (
					"$(inherited)",
					"@executable_path/Frameworks",
					"@loader_path/Frameworks",
				);
				MARKETING_VERSION = 1.0;
				PRODUCT_BUNDLE_IDENTIFIER = "com.leo.Tests-iOS";
				PRODUCT_NAME = "$(TARGET_NAME)";
				SDKROOT = iphoneos;
				SWIFT_EMIT_LOC_STRINGS = NO;
				SWIFT_VERSION = 5.0;
				TARGETED_DEVICE_FAMILY = "1,2";
				TEST_TARGET_NAME = "Mancala (iOS)";
				VALIDATE_PRODUCT = YES;
			};
			name = Release;
		};
		9C89159629DE9CA30061DC11 /* Debug */ = {
			isa = XCBuildConfiguration;
			buildSettings = {
				ALWAYS_EMBED_SWIFT_STANDARD_LIBRARIES = YES;
				CODE_SIGN_STYLE = Automatic;
				COMBINE_HIDPI_IMAGES = YES;
				CURRENT_PROJECT_VERSION = 1;
				GENERATE_INFOPLIST_FILE = YES;
				LD_RUNPATH_SEARCH_PATHS = (
					"$(inherited)",
					"@executable_path/../Frameworks",
					"@loader_path/../Frameworks",
				);
				MACOSX_DEPLOYMENT_TARGET = 11.3;
				MARKETING_VERSION = 1.0;
				PRODUCT_BUNDLE_IDENTIFIER = "com.leo.Tests-macOS";
				PRODUCT_NAME = "$(TARGET_NAME)";
				SDKROOT = macosx;
				SWIFT_EMIT_LOC_STRINGS = NO;
				SWIFT_VERSION = 5.0;
				TEST_TARGET_NAME = "Mancala (macOS)";
			};
			name = Debug;
		};
		9C89159729DE9CA30061DC11 /* Release */ = {
			isa = XCBuildConfiguration;
			buildSettings = {
				ALWAYS_EMBED_SWIFT_STANDARD_LIBRARIES = YES;
				CODE_SIGN_STYLE = Automatic;
				COMBINE_HIDPI_IMAGES = YES;
				CURRENT_PROJECT_VERSION = 1;
				GENERATE_INFOPLIST_FILE = YES;
				LD_RUNPATH_SEARCH_PATHS = (
					"$(inherited)",
					"@executable_path/../Frameworks",
					"@loader_path/../Frameworks",
				);
				MACOSX_DEPLOYMENT_TARGET = 11.3;
				MARKETING_VERSION = 1.0;
				PRODUCT_BUNDLE_IDENTIFIER = "com.leo.Tests-macOS";
				PRODUCT_NAME = "$(TARGET_NAME)";
				SDKROOT = macosx;
				SWIFT_EMIT_LOC_STRINGS = NO;
				SWIFT_VERSION = 5.0;
				TEST_TARGET_NAME = "Mancala (macOS)";
			};
			name = Release;
		};
/* End XCBuildConfiguration section */

/* Begin XCConfigurationList section */
		9C89155A29DE9CA00061DC11 /* Build configuration list for PBXProject "Mancala" */ = {
			isa = XCConfigurationList;
			buildConfigurations = (
				9C89158A29DE9CA30061DC11 /* Debug */,
				9C89158B29DE9CA30061DC11 /* Release */,
			);
			defaultConfigurationIsVisible = 0;
			defaultConfigurationName = Release;
		};
		9C89158C29DE9CA30061DC11 /* Build configuration list for PBXNativeTarget "Mancala (iOS)" */ = {
			isa = XCConfigurationList;
			buildConfigurations = (
				9C89158D29DE9CA30061DC11 /* Debug */,
				9C89158E29DE9CA30061DC11 /* Release */,
			);
			defaultConfigurationIsVisible = 0;
			defaultConfigurationName = Release;
		};
		9C89158F29DE9CA30061DC11 /* Build configuration list for PBXNativeTarget "Mancala (macOS)" */ = {
			isa = XCConfigurationList;
			buildConfigurations = (
				9C89159029DE9CA30061DC11 /* Debug */,
				9C89159129DE9CA30061DC11 /* Release */,
			);
			defaultConfigurationIsVisible = 0;
			defaultConfigurationName = Release;
		};
		9C89159229DE9CA30061DC11 /* Build configuration list for PBXNativeTarget "Tests iOS" */ = {
			isa = XCConfigurationList;
			buildConfigurations = (
				9C89159329DE9CA30061DC11 /* Debug */,
				9C89159429DE9CA30061DC11 /* Release */,
			);
			defaultConfigurationIsVisible = 0;
			defaultConfigurationName = Release;
		};
		9C89159529DE9CA30061DC11 /* Build configuration list for PBXNativeTarget "Tests macOS" */ = {
			isa = XCConfigurationList;
			buildConfigurations = (
				9C89159629DE9CA30061DC11 /* Debug */,
				9C89159729DE9CA30061DC11 /* Release */,
			);
			defaultConfigurationIsVisible = 0;
			defaultConfigurationName = Release;
		};
/* End XCConfigurationList section */
	};
	rootObject = 9C89155729DE9CA00061DC11 /* Project object */;
}
